
Microsoft Visual Studio Solution File, Format Version 12.00
# Visual Studio Version 16
VisualStudioVersion = 16.0.31025.194
MinimumVisualStudioVersion = 10.0.40219.1
Project("{FAE04EC0-301F-11D3-BF4B-00C04F79EFBC}") = "ListboxWinApp", "ListboxWinApp\ListboxWinApp.csproj", "{081AB3AC-CC0E-4ECC-BA11-89BA4D689323}"
EndProject
Project("{FAE04EC0-301F-11D3-BF4B-00C04F79EFBC}") = "RestaurantSelApp", "RestaurantSelApp\RestaurantSelApp.csproj", "{66570EE4-FD70-4873-9198-95D639B3E2EE}"
EndProject
Project("{FAE04EC0-301F-11D3-BF4B-00C04F79EFBC}") = "TravelWishApp", "TravelWishApp\TravelWishApp.csproj", "{DCE5C988-50A0-4BC5-8B5C-EE9C46D5A65B}"
EndProject
Project("{FAE04EC0-301F-11D3-BF4B-00C04F79EFBC}") = "ListViewApp", "ListViewApp\ListViewApp.csproj", "{078617E4-CBBF-490B-B20A-66A33C02E817}"
EndProject
Project("{FAE04EC0-301F-11D3-BF4B-00C04F79EFBC}") = "StudyHistoryApp", "StudyHistoryApp\StudyHistoryApp.csproj", "{A1D6D754-671C-4F4D-A095-2C926EE4C68C}"
EndProject
Project("{FAE04EC0-301F-11D3-BF4B-00C04F79EFBC}") = "DigitalClockApp", "DigitalClockApp\DigitalClockApp.csproj", "{626245F0-F27C-446D-B892-75C694334FEC}"
EndProject
Project("{FAE04EC0-301F-11D3-BF4B-00C04F79EFBC}") = "DateCalcApp", "DateCalcApp\DateCalcApp.csproj", "{6BD1DF6B-234F-47C9-B989-576CC66DB5CF}"
EndProject
Project("{FAE04EC0-301F-11D3-BF4B-00C04F79EFBC}") = "AlarmClockApp", "AlarmClockApp\AlarmClockApp.csproj", "{974667B4-B0E6-41EA-902D-7197F51BA836}"
EndProject
Global
	GlobalSection(SolutionConfigurationPlatforms) = preSolution
		Debug|Any CPU = Debug|Any CPU
		Release|Any CPU = Release|Any CPU
	EndGlobalSection
	GlobalSection(ProjectConfigurationPlatforms) = postSolution
		{081AB3AC-CC0E-4ECC-BA11-89BA4D689323}.Debug|Any CPU.ActiveCfg = Debug|Any CPU
		{081AB3AC-CC0E-4ECC-BA11-89BA4D689323}.Debug|Any CPU.Build.0 = Debug|Any CPU
		{081AB3AC-CC0E-4ECC-BA11-89BA4D689323}.Release|Any CPU.ActiveCfg = Release|Any CPU
		{081AB3AC-CC0E-4ECC-BA11-89BA4D689323}.Release|Any CPU.Build.0 = Release|Any CPU
		{66570EE4-FD70-4873-9198-95D639B3E2EE}.Debug|Any CPU.ActiveCfg = Debug|Any CPU
		{66570EE4-FD70-4873-9198-95D639B3E2EE}.Debug|Any CPU.Build.0 = Debug|Any CPU
		{66570EE4-FD70-4873-9198-95D639B3E2EE}.Release|Any CPU.ActiveCfg = Release|Any CPU
		{66570EE4-FD70-4873-9198-95D639B3E2EE}.Release|Any CPU.Build.0 = Release|Any CPU
		{DCE5C988-50A0-4BC5-8B5C-EE9C46D5A65B}.Debug|Any CPU.ActiveCfg = Debug|Any CPU
		{DCE5C988-50A0-4BC5-8B5C-EE9C46D5A65B}.Debug|Any CPU.Build.0 = Debug|Any CPU
		{DCE5C988-50A0-4BC5-8B5C-EE9C46D5A65B}.Release|Any CPU.ActiveCfg = Release|Any CPU
		{DCE5C988-50A0-4BC5-8B5C-EE9C46D5A65B}.Release|Any CPU.Build.0 = Release|Any CPU
		{078617E4-CBBF-490B-B20A-66A33C02E817}.Debug|Any CPU.ActiveCfg = Debug|Any CPU
		{078617E4-CBBF-490B-B20A-66A33C02E817}.Debug|Any CPU.Build.0 = Debug|Any CPU
		{078617E4-CBBF-490B-B20A-66A33C02E817}.Release|Any CPU.ActiveCfg = Release|Any CPU
		{078617E4-CBBF-490B-B20A-66A33C02E817}.Release|Any CPU.Build.0 = Release|Any CPU
		{A1D6D754-671C-4F4D-A095-2C926EE4C68C}.Debug|Any CPU.ActiveCfg = Debug|Any CPU
		{A1D6D754-671C-4F4D-A095-2C926EE4C68C}.Debug|Any CPU.Build.0 = Debug|Any CPU
		{A1D6D754-671C-4F4D-A095-2C926EE4C68C}.Release|Any CPU.ActiveCfg = Release|Any CPU
		{A1D6D754-671C-4F4D-A095-2C926EE4C68C}.Release|Any CPU.Build.0 = Release|Any CPU
		{626245F0-F27C-446D-B892-75C694334FEC}.Debug|Any CPU.ActiveCfg = Debug|Any CPU
		{626245F0-F27C-446D-B892-75C694334FEC}.Debug|Any CPU.Build.0 = Debug|Any CPU
		{626245F0-F27C-446D-B892-75C694334FEC}.Release|Any CPU.ActiveCfg = Release|Any CPU
		{626245F0-F27C-446D-B892-75C694334FEC}.Release|Any CPU.Build.0 = Release|Any CPU
		{6BD1DF6B-234F-47C9-B989-576CC66DB5CF}.Debug|Any CPU.ActiveCfg = Debug|Any CPU
		{6BD1DF6B-234F-47C9-B989-576CC66DB5CF}.Debug|Any CPU.Build.0 = Debug|Any CPU
		{6BD1DF6B-234F-47C9-B989-576CC66DB5CF}.Release|Any CPU.ActiveCfg = Release|Any CPU
		{6BD1DF6B-234F-47C9-B989-576CC66DB5CF}.Release|Any CPU.Build.0 = Release|Any CPU
		{974667B4-B0E6-41EA-902D-7197F51BA836}.Debug|Any CPU.ActiveCfg = Debug|Any CPU
		{974667B4-B0E6-41EA-902D-7197F51BA836}.Debug|Any CPU.Build.0 = Debug|Any CPU
		{974667B4-B0E6-41EA-902D-7197F51BA836}.Release|Any CPU.ActiveCfg = Release|Any CPU
		{974667B4-B0E6-41EA-902D-7197F51BA836}.Release|Any CPU.Build.0 = Release|Any CPU
	EndGlobalSection
	GlobalSection(SolutionProperties) = preSolution
		HideSolutionNode = FALSE
	EndGlobalSection
	GlobalSection(ExtensibilityGlobals) = postSolution
		SolutionGuid = {F310793D-FE9F-479C-B16E-39D3BF518809}
	EndGlobalSection
EndGlobal
