
Microsoft Visual Studio Solution File, Format Version 12.00
# Visual Studio Version 16
VisualStudioVersion = 16.0.31025.194
MinimumVisualStudioVersion = 10.0.40219.1
Project("{FAE04EC0-301F-11D3-BF4B-00C04F79EFBC}") = "ListboxWinApp", "ListboxWinApp\ListboxWinApp.csproj", "{081AB3AC-CC0E-4ECC-BA11-89BA4D689323}"
EndProject
Project("{FAE04EC0-301F-11D3-BF4B-00C04F79EFBC}") = "RestaurantSelApp", "RestaurantSelApp\RestaurantSelApp.csproj", "{66570EE4-FD70-4873-9198-95D639B3E2EE}"
EndProject
Project("{FAE04EC0-301F-11D3-BF4B-00C04F79EFBC}") = "TravelWishApp", "TravelWishApp\TravelWishApp.csproj", "{DCE5C988-50A0-4BC5-8B5C-EE9C46D5A65B}"
EndProject
Project("{FAE04EC0-301F-11D3-BF4B-00C04F79EFBC}") = "ListViewApp", "ListViewApp\ListViewApp.csproj", "{078617E4-CBBF-490B-B20A-66A33C02E817}"
EndProject
Project("{FAE04EC0-301F-11D3-BF4B-00C04F79EFBC}") = "StudyHistoryApp", "StudyHistoryApp\StudyHistoryApp.csproj", "{A1D6D754-671C-4F4D-A095-2C926EE4C68C}"
EndProject
Project("{FAE04EC0-301F-11D3-BF4B-00C04F79EFBC}") = "DigitalClockApp", "DigitalClockApp\DigitalClockApp.csproj", "{626245F0-F27C-446D-B892-75C694334FEC}"
EndProject
Project("{FAE04EC0-301F-11D3-BF4B-00C04F79EFBC}") = "DateCalcApp", "DateCalcApp\DateCalcApp.csproj", "{6BD1DF6B-234F-47C9-B989-576CC66DB5CF}"
EndProject
Project("{FAE04EC0-301F-11D3-BF4B-00C04F79EFBC}") = "AlarmClockApp", "AlarmClockApp\AlarmClockApp.csproj", "{974667B4-B0E6-41EA-902D-7197F51BA836}"
EndProject
Project("{FAE04EC0-301F-11D3-BF4B-00C04F79EFBC}") = "MoviePlayerApp", "MoviePlayerApp\MoviePlayerApp.csproj", "{571D4800-B916-4C59-A601-1472FEE5AA1A}"
EndProject
Project("{FAE04EC0-301F-11D3-BF4B-00C04F79EFBC}") = "TextViewerApp", "TextViewerApp\TextViewerApp.csproj", "{081B9A44-091F-4F0A-9F44-E4A44C529107}"
EndProject
Project("{FAE04EC0-301F-11D3-BF4B-00C04F79EFBC}") = "SimpleGraphicEditor", "SimpleGraphicEditor\SimpleGraphicEditor.csproj", "{CB708E3C-C731-4510-B478-68C73BF81BB4}"
EndProject
Project("{FAE04EC0-301F-11D3-BF4B-00C04F79EFBC}") = "HelloWpfApp", "HelloWpfApp\HelloWpfApp.csproj", "{DA6C76B3-7EF8-4758-BFCF-091D507E3FC1}"
EndProject
Project("{FAE04EC0-301F-11D3-BF4B-00C04F79EFBC}") = "WpfLayoutApp", "WpfLayoutApp\WpfLayoutApp.csproj", "{029A0D39-8F3A-4124-A8E4-F833C72D025C}"
EndProject
Project("{FAE04EC0-301F-11D3-BF4B-00C04F79EFBC}") = "BmiCalcApp", "BmiCalcApp\BmiCalcApp.csproj", "{D01B99C8-A9DE-4EA5-BCF4-12512A9954A2}"
EndProject
Project("{FAE04EC0-301F-11D3-BF4B-00C04F79EFBC}") = "BlinkerApp", "BlinkerApp\BlinkerApp.csproj", "{D929C318-7985-4489-A175-75566778AB40}"
EndProject
Global
	GlobalSection(SolutionConfigurationPlatforms) = preSolution
		Debug|Any CPU = Debug|Any CPU
		Release|Any CPU = Release|Any CPU
	EndGlobalSection
	GlobalSection(ProjectConfigurationPlatforms) = postSolution
		{081AB3AC-CC0E-4ECC-BA11-89BA4D689323}.Debug|Any CPU.ActiveCfg = Debug|Any CPU
		{081AB3AC-CC0E-4ECC-BA11-89BA4D689323}.Debug|Any CPU.Build.0 = Debug|Any CPU
		{081AB3AC-CC0E-4ECC-BA11-89BA4D689323}.Release|Any CPU.ActiveCfg = Release|Any CPU
		{081AB3AC-CC0E-4ECC-BA11-89BA4D689323}.Release|Any CPU.Build.0 = Release|Any CPU
		{66570EE4-FD70-4873-9198-95D639B3E2EE}.Debug|Any CPU.ActiveCfg = Debug|Any CPU
		{66570EE4-FD70-4873-9198-95D639B3E2EE}.Debug|Any CPU.Build.0 = Debug|Any CPU
		{66570EE4-FD70-4873-9198-95D639B3E2EE}.Release|Any CPU.ActiveCfg = Release|Any CPU
		{66570EE4-FD70-4873-9198-95D639B3E2EE}.Release|Any CPU.Build.0 = Release|Any CPU
		{DCE5C988-50A0-4BC5-8B5C-EE9C46D5A65B}.Debug|Any CPU.ActiveCfg = Debug|Any CPU
		{DCE5C988-50A0-4BC5-8B5C-EE9C46D5A65B}.Debug|Any CPU.Build.0 = Debug|Any CPU
		{DCE5C988-50A0-4BC5-8B5C-EE9C46D5A65B}.Release|Any CPU.ActiveCfg = Release|Any CPU
		{DCE5C988-50A0-4BC5-8B5C-EE9C46D5A65B}.Release|Any CPU.Build.0 = Release|Any CPU
		{078617E4-CBBF-490B-B20A-66A33C02E817}.Debug|Any CPU.ActiveCfg = Debug|Any CPU
		{078617E4-CBBF-490B-B20A-66A33C02E817}.Debug|Any CPU.Build.0 = Debug|Any CPU
		{078617E4-CBBF-490B-B20A-66A33C02E817}.Release|Any CPU.ActiveCfg = Release|Any CPU
		{078617E4-CBBF-490B-B20A-66A33C02E817}.Release|Any CPU.Build.0 = Release|Any CPU
		{A1D6D754-671C-4F4D-A095-2C926EE4C68C}.Debug|Any CPU.ActiveCfg = Debug|Any CPU
		{A1D6D754-671C-4F4D-A095-2C926EE4C68C}.Debug|Any CPU.Build.0 = Debug|Any CPU
		{A1D6D754-671C-4F4D-A095-2C926EE4C68C}.Release|Any CPU.ActiveCfg = Release|Any CPU
		{A1D6D754-671C-4F4D-A095-2C926EE4C68C}.Release|Any CPU.Build.0 = Release|Any CPU
		{626245F0-F27C-446D-B892-75C694334FEC}.Debug|Any CPU.ActiveCfg = Debug|Any CPU
		{626245F0-F27C-446D-B892-75C694334FEC}.Debug|Any CPU.Build.0 = Debug|Any CPU
		{626245F0-F27C-446D-B892-75C694334FEC}.Release|Any CPU.ActiveCfg = Release|Any CPU
		{626245F0-F27C-446D-B892-75C694334FEC}.Release|Any CPU.Build.0 = Release|Any CPU
		{6BD1DF6B-234F-47C9-B989-576CC66DB5CF}.Debug|Any CPU.ActiveCfg = Debug|Any CPU
		{6BD1DF6B-234F-47C9-B989-576CC66DB5CF}.Debug|Any CPU.Build.0 = Debug|Any CPU
		{6BD1DF6B-234F-47C9-B989-576CC66DB5CF}.Release|Any CPU.ActiveCfg = Release|Any CPU
		{6BD1DF6B-234F-47C9-B989-576CC66DB5CF}.Release|Any CPU.Build.0 = Release|Any CPU
		{974667B4-B0E6-41EA-902D-7197F51BA836}.Debug|Any CPU.ActiveCfg = Debug|Any CPU
		{974667B4-B0E6-41EA-902D-7197F51BA836}.Debug|Any CPU.Build.0 = Debug|Any CPU
		{974667B4-B0E6-41EA-902D-7197F51BA836}.Release|Any CPU.ActiveCfg = Release|Any CPU
		{974667B4-B0E6-41EA-902D-7197F51BA836}.Release|Any CPU.Build.0 = Release|Any CPU
		{571D4800-B916-4C59-A601-1472FEE5AA1A}.Debug|Any CPU.ActiveCfg = Debug|Any CPU
		{571D4800-B916-4C59-A601-1472FEE5AA1A}.Debug|Any CPU.Build.0 = Debug|Any CPU
		{571D4800-B916-4C59-A601-1472FEE5AA1A}.Release|Any CPU.ActiveCfg = Release|Any CPU
		{571D4800-B916-4C59-A601-1472FEE5AA1A}.Release|Any CPU.Build.0 = Release|Any CPU
		{081B9A44-091F-4F0A-9F44-E4A44C529107}.Debug|Any CPU.ActiveCfg = Debug|Any CPU
		{081B9A44-091F-4F0A-9F44-E4A44C529107}.Debug|Any CPU.Build.0 = Debug|Any CPU
		{081B9A44-091F-4F0A-9F44-E4A44C529107}.Release|Any CPU.ActiveCfg = Release|Any CPU
		{081B9A44-091F-4F0A-9F44-E4A44C529107}.Release|Any CPU.Build.0 = Release|Any CPU
		{CB708E3C-C731-4510-B478-68C73BF81BB4}.Debug|Any CPU.ActiveCfg = Debug|Any CPU
		{CB708E3C-C731-4510-B478-68C73BF81BB4}.Debug|Any CPU.Build.0 = Debug|Any CPU
		{CB708E3C-C731-4510-B478-68C73BF81BB4}.Release|Any CPU.ActiveCfg = Release|Any CPU
		{CB708E3C-C731-4510-B478-68C73BF81BB4}.Release|Any CPU.Build.0 = Release|Any CPU
		{DA6C76B3-7EF8-4758-BFCF-091D507E3FC1}.Debug|Any CPU.ActiveCfg = Debug|Any CPU
		{DA6C76B3-7EF8-4758-BFCF-091D507E3FC1}.Debug|Any CPU.Build.0 = Debug|Any CPU
		{DA6C76B3-7EF8-4758-BFCF-091D507E3FC1}.Release|Any CPU.ActiveCfg = Release|Any CPU
		{DA6C76B3-7EF8-4758-BFCF-091D507E3FC1}.Release|Any CPU.Build.0 = Release|Any CPU
		{029A0D39-8F3A-4124-A8E4-F833C72D025C}.Debug|Any CPU.ActiveCfg = Debug|Any CPU
		{029A0D39-8F3A-4124-A8E4-F833C72D025C}.Debug|Any CPU.Build.0 = Debug|Any CPU
		{029A0D39-8F3A-4124-A8E4-F833C72D025C}.Release|Any CPU.ActiveCfg = Release|Any CPU
		{029A0D39-8F3A-4124-A8E4-F833C72D025C}.Release|Any CPU.Build.0 = Release|Any CPU
		{D01B99C8-A9DE-4EA5-BCF4-12512A9954A2}.Debug|Any CPU.ActiveCfg = Debug|Any CPU
		{D01B99C8-A9DE-4EA5-BCF4-12512A9954A2}.Debug|Any CPU.Build.0 = Debug|Any CPU
		{D01B99C8-A9DE-4EA5-BCF4-12512A9954A2}.Release|Any CPU.ActiveCfg = Release|Any CPU
		{D01B99C8-A9DE-4EA5-BCF4-12512A9954A2}.Release|Any CPU.Build.0 = Release|Any CPU
		{D929C318-7985-4489-A175-75566778AB40}.Debug|Any CPU.ActiveCfg = Debug|Any CPU
		{D929C318-7985-4489-A175-75566778AB40}.Debug|Any CPU.Build.0 = Debug|Any CPU
		{D929C318-7985-4489-A175-75566778AB40}.Release|Any CPU.ActiveCfg = Release|Any CPU
		{D929C318-7985-4489-A175-75566778AB40}.Release|Any CPU.Build.0 = Release|Any CPU
	EndGlobalSection
	GlobalSection(SolutionProperties) = preSolution
		HideSolutionNode = FALSE
	EndGlobalSection
	GlobalSection(ExtensibilityGlobals) = postSolution
		SolutionGuid = {F310793D-FE9F-479C-B16E-39D3BF518809}
	EndGlobalSection
EndGlobal
