
Microsoft Visual Studio Solution File, Format Version 12.00
# Visual Studio Version 16
VisualStudioVersion = 16.0.31025.194
MinimumVisualStudioVersion = 10.0.40219.1
Project("{FAE04EC0-301F-11D3-BF4B-00C04F79EFBC}") = "WpfLoginApp", "WpfLoginApp\WpfLoginApp.csproj", "{F22B6AEF-C799-4F1E-8DD6-DA5850B8A17E}"
EndProject
Project("{FAE04EC0-301F-11D3-BF4B-00C04F79EFBC}") = "ModernUITestApp", "ModernUITestApp\ModernUITestApp.csproj", "{AB1CE2E9-4DB8-4762-924B-742DE90AA5C1}"
EndProject
Project("{FAE04EC0-301F-11D3-BF4B-00C04F79EFBC}") = "WpfPracticeApp", "WpfPracticeApp\WpfPracticeApp.csproj", "{2E978729-0BA8-4272-934F-833346440C03}"
EndProject
Project("{FAE04EC0-301F-11D3-BF4B-00C04F79EFBC}") = "PhotoSensorMonApp", "PhotoSensorMonApp\PhotoSensorMonApp.csproj", "{4BD6FEA1-CFEC-4EFD-B3FE-B1034BF32D20}"
EndProject
Project("{FAE04EC0-301F-11D3-BF4B-00C04F79EFBC}") = "WpfTestApp", "WpfTestApp\WpfTestApp.csproj", "{736BD177-1038-48B3-8ADF-531A8E98F99F}"
EndProject
Project("{FAE04EC0-301F-11D3-BF4B-00C04F79EFBC}") = "FineDustMonApp", "FIneDustMonApp\FineDustMonApp.csproj", "{F8F3876A-9D62-49B4-B734-68A8A13580EE}"
EndProject
Global
	GlobalSection(SolutionConfigurationPlatforms) = preSolution
		Debug|Any CPU = Debug|Any CPU
		Release|Any CPU = Release|Any CPU
	EndGlobalSection
	GlobalSection(ProjectConfigurationPlatforms) = postSolution
		{F22B6AEF-C799-4F1E-8DD6-DA5850B8A17E}.Debug|Any CPU.ActiveCfg = Debug|Any CPU
		{F22B6AEF-C799-4F1E-8DD6-DA5850B8A17E}.Debug|Any CPU.Build.0 = Debug|Any CPU
		{F22B6AEF-C799-4F1E-8DD6-DA5850B8A17E}.Release|Any CPU.ActiveCfg = Release|Any CPU
		{F22B6AEF-C799-4F1E-8DD6-DA5850B8A17E}.Release|Any CPU.Build.0 = Release|Any CPU
		{AB1CE2E9-4DB8-4762-924B-742DE90AA5C1}.Debug|Any CPU.ActiveCfg = Debug|Any CPU
		{AB1CE2E9-4DB8-4762-924B-742DE90AA5C1}.Debug|Any CPU.Build.0 = Debug|Any CPU
		{AB1CE2E9-4DB8-4762-924B-742DE90AA5C1}.Release|Any CPU.ActiveCfg = Release|Any CPU
		{AB1CE2E9-4DB8-4762-924B-742DE90AA5C1}.Release|Any CPU.Build.0 = Release|Any CPU
		{2E978729-0BA8-4272-934F-833346440C03}.Debug|Any CPU.ActiveCfg = Debug|Any CPU
		{2E978729-0BA8-4272-934F-833346440C03}.Debug|Any CPU.Build.0 = Debug|Any CPU
		{2E978729-0BA8-4272-934F-833346440C03}.Release|Any CPU.ActiveCfg = Release|Any CPU
		{2E978729-0BA8-4272-934F-833346440C03}.Release|Any CPU.Build.0 = Release|Any CPU
		{4BD6FEA1-CFEC-4EFD-B3FE-B1034BF32D20}.Debug|Any CPU.ActiveCfg = Debug|Any CPU
		{4BD6FEA1-CFEC-4EFD-B3FE-B1034BF32D20}.Debug|Any CPU.Build.0 = Debug|Any CPU
		{4BD6FEA1-CFEC-4EFD-B3FE-B1034BF32D20}.Release|Any CPU.ActiveCfg = Release|Any CPU
		{4BD6FEA1-CFEC-4EFD-B3FE-B1034BF32D20}.Release|Any CPU.Build.0 = Release|Any CPU
		{736BD177-1038-48B3-8ADF-531A8E98F99F}.Debug|Any CPU.ActiveCfg = Debug|Any CPU
		{736BD177-1038-48B3-8ADF-531A8E98F99F}.Debug|Any CPU.Build.0 = Debug|Any CPU
		{736BD177-1038-48B3-8ADF-531A8E98F99F}.Release|Any CPU.ActiveCfg = Release|Any CPU
		{736BD177-1038-48B3-8ADF-531A8E98F99F}.Release|Any CPU.Build.0 = Release|Any CPU
		{F8F3876A-9D62-49B4-B734-68A8A13580EE}.Debug|Any CPU.ActiveCfg = Debug|Any CPU
		{F8F3876A-9D62-49B4-B734-68A8A13580EE}.Debug|Any CPU.Build.0 = Debug|Any CPU
		{F8F3876A-9D62-49B4-B734-68A8A13580EE}.Release|Any CPU.ActiveCfg = Release|Any CPU
		{F8F3876A-9D62-49B4-B734-68A8A13580EE}.Release|Any CPU.Build.0 = Release|Any CPU
	EndGlobalSection
	GlobalSection(SolutionProperties) = preSolution
		HideSolutionNode = FALSE
	EndGlobalSection
	GlobalSection(ExtensibilityGlobals) = postSolution
		SolutionGuid = {E4396B7B-F2B7-4382-A85F-4CF042ED6B4D}
	EndGlobalSection
EndGlobal
