
Microsoft Visual Studio Solution File, Format Version 12.00
# Visual Studio Version 16
VisualStudioVersion = 16.0.31025.194
MinimumVisualStudioVersion = 10.0.40219.1
Project("{FAE04EC0-301F-11D3-BF4B-00C04F79EFBC}") = "WinCalculatorApp", "WinCalculatorApp\WinCalculatorApp.csproj", "{ED2F5B40-3886-4F7D-8DEE-E262B3DBF062}"
EndProject
Global
	GlobalSection(SolutionConfigurationPlatforms) = preSolution
		Debug|Any CPU = Debug|Any CPU
		Release|Any CPU = Release|Any CPU
	EndGlobalSection
	GlobalSection(ProjectConfigurationPlatforms) = postSolution
		{ED2F5B40-3886-4F7D-8DEE-E262B3DBF062}.Debug|Any CPU.ActiveCfg = Debug|Any CPU
		{ED2F5B40-3886-4F7D-8DEE-E262B3DBF062}.Debug|Any CPU.Build.0 = Debug|Any CPU
		{ED2F5B40-3886-4F7D-8DEE-E262B3DBF062}.Release|Any CPU.ActiveCfg = Release|Any CPU
		{ED2F5B40-3886-4F7D-8DEE-E262B3DBF062}.Release|Any CPU.Build.0 = Release|Any CPU
	EndGlobalSection
	GlobalSection(SolutionProperties) = preSolution
		HideSolutionNode = FALSE
	EndGlobalSection
	GlobalSection(ExtensibilityGlobals) = postSolution
		SolutionGuid = {74EEF4B2-3B5E-4A2C-9FAF-9C492A04C21C}
	EndGlobalSection
EndGlobal
